// !$*UTF8*$!
{
	archiveVersion = 1;
	classes = {
	};
	objectVersion = 55;
	objects = {

/* Begin PBXBuildFile section */
		07CCD0F3271189AB001CBDD2 /* AppDelegate.swift in Sources */ = {isa = PBXBuildFile; fileRef = 07CCD0F2271189AB001CBDD2 /* AppDelegate.swift */; };
		07CCD0F5271189AB001CBDD2 /* SceneDelegate.swift in Sources */ = {isa = PBXBuildFile; fileRef = 07CCD0F4271189AB001CBDD2 /* SceneDelegate.swift */; };
		07CCD0FA271189AB001CBDD2 /* Main.storyboard in Resources */ = {isa = PBXBuildFile; fileRef = 07CCD0F8271189AB001CBDD2 /* Main.storyboard */; };
		07CCD0FC271189AC001CBDD2 /* Assets.xcassets in Resources */ = {isa = PBXBuildFile; fileRef = 07CCD0FB271189AC001CBDD2 /* Assets.xcassets */; };
		07CCD0FF271189AC001CBDD2 /* LaunchScreen.storyboard in Resources */ = {isa = PBXBuildFile; fileRef = 07CCD0FD271189AC001CBDD2 /* LaunchScreen.storyboard */; };
		07CCD10727118EAF001CBDD2 /* DrinkWaterViewController.swift in Sources */ = {isa = PBXBuildFile; fileRef = 07CCD10627118EAF001CBDD2 /* DrinkWaterViewController.swift */; };
		07CCD10927118EEA001CBDD2 /* ProfileViewController.swift in Sources */ = {isa = PBXBuildFile; fileRef = 07CCD10827118EEA001CBDD2 /* ProfileViewController.swift */; };
		07CCD10F271471AE001CBDD2 /* IQKeyboardManagerSwift in Frameworks */ = {isa = PBXBuildFile; productRef = 07CCD10E271471AE001CBDD2 /* IQKeyboardManagerSwift */; };
		07FDA19927AD155B004982FD /* TextFieldEffects in Frameworks */ = {isa = PBXBuildFile; productRef = 07FDA19827AD155B004982FD /* TextFieldEffects */; };
		07FDA19C27AF88ED004982FD /* Toast in Frameworks */ = {isa = PBXBuildFile; productRef = 07FDA19B27AF88ED004982FD /* Toast */; };
/* End PBXBuildFile section */

/* Begin PBXFileReference section */
		07CCD0EF271189AB001CBDD2 /* SeSSAC_DrinkWater.app */ = {isa = PBXFileReference; explicitFileType = wrapper.application; includeInIndex = 0; path = SeSSAC_DrinkWater.app; sourceTree = BUILT_PRODUCTS_DIR; };
		07CCD0F2271189AB001CBDD2 /* AppDelegate.swift */ = {isa = PBXFileReference; lastKnownFileType = sourcecode.swift; path = AppDelegate.swift; sourceTree = "<group>"; };
		07CCD0F4271189AB001CBDD2 /* SceneDelegate.swift */ = {isa = PBXFileReference; lastKnownFileType = sourcecode.swift; path = SceneDelegate.swift; sourceTree = "<group>"; };
		07CCD0F9271189AB001CBDD2 /* Base */ = {isa = PBXFileReference; lastKnownFileType = file.storyboard; name = Base; path = Base.lproj/Main.storyboard; sourceTree = "<group>"; };
		07CCD0FB271189AC001CBDD2 /* Assets.xcassets */ = {isa = PBXFileReference; lastKnownFileType = folder.assetcatalog; path = Assets.xcassets; sourceTree = "<group>"; };
		07CCD0FE271189AC001CBDD2 /* Base */ = {isa = PBXFileReference; lastKnownFileType = file.storyboard; name = Base; path = Base.lproj/LaunchScreen.storyboard; sourceTree = "<group>"; };
		07CCD100271189AC001CBDD2 /* Info.plist */ = {isa = PBXFileReference; lastKnownFileType = text.plist.xml; path = Info.plist; sourceTree = "<group>"; };
		07CCD10627118EAF001CBDD2 /* DrinkWaterViewController.swift */ = {isa = PBXFileReference; lastKnownFileType = sourcecode.swift; path = DrinkWaterViewController.swift; sourceTree = "<group>"; };
		07CCD10827118EEA001CBDD2 /* ProfileViewController.swift */ = {isa = PBXFileReference; lastKnownFileType = sourcecode.swift; path = ProfileViewController.swift; sourceTree = "<group>"; };
/* End PBXFileReference section */

/* Begin PBXFrameworksBuildPhase section */
		07CCD0EC271189AB001CBDD2 /* Frameworks */ = {
			isa = PBXFrameworksBuildPhase;
			buildActionMask = 2147483647;
			files = (
				07FDA19C27AF88ED004982FD /* Toast in Frameworks */,
				07CCD10F271471AE001CBDD2 /* IQKeyboardManagerSwift in Frameworks */,
				07FDA19927AD155B004982FD /* TextFieldEffects in Frameworks */,
			);
			runOnlyForDeploymentPostprocessing = 0;
		};
/* End PBXFrameworksBuildPhase section */

/* Begin PBXGroup section */
		07CCD0E6271189AB001CBDD2 = {
			isa = PBXGroup;
			children = (
				07CCD0F1271189AB001CBDD2 /* SeSSAC_DrinkWater */,
				07CCD0F0271189AB001CBDD2 /* Products */,
			);
			sourceTree = "<group>";
		};
		07CCD0F0271189AB001CBDD2 /* Products */ = {
			isa = PBXGroup;
			children = (
				07CCD0EF271189AB001CBDD2 /* SeSSAC_DrinkWater.app */,
			);
			name = Products;
			sourceTree = "<group>";
		};
		07CCD0F1271189AB001CBDD2 /* SeSSAC_DrinkWater */ = {
			isa = PBXGroup;
			children = (
				07CCD0F2271189AB001CBDD2 /* AppDelegate.swift */,
				07CCD0F4271189AB001CBDD2 /* SceneDelegate.swift */,
				07CCD0F8271189AB001CBDD2 /* Main.storyboard */,
				07CCD10827118EEA001CBDD2 /* ProfileViewController.swift */,
				07CCD10627118EAF001CBDD2 /* DrinkWaterViewController.swift */,
				07CCD0FB271189AC001CBDD2 /* Assets.xcassets */,
				07CCD0FD271189AC001CBDD2 /* LaunchScreen.storyboard */,
				07CCD100271189AC001CBDD2 /* Info.plist */,
			);
			path = SeSSAC_DrinkWater;
			sourceTree = "<group>";
		};
/* End PBXGroup section */

/* Begin PBXNativeTarget section */
		07CCD0EE271189AB001CBDD2 /* SeSSAC_DrinkWater */ = {
			isa = PBXNativeTarget;
			buildConfigurationList = 07CCD103271189AC001CBDD2 /* Build configuration list for PBXNativeTarget "SeSSAC_DrinkWater" */;
			buildPhases = (
				07CCD0EB271189AB001CBDD2 /* Sources */,
				07CCD0EC271189AB001CBDD2 /* Frameworks */,
				07CCD0ED271189AB001CBDD2 /* Resources */,
			);
			buildRules = (
			);
			dependencies = (
			);
			name = SeSSAC_DrinkWater;
			packageProductDependencies = (
				07CCD10E271471AE001CBDD2 /* IQKeyboardManagerSwift */,
				07FDA19827AD155B004982FD /* TextFieldEffects */,
				07FDA19B27AF88ED004982FD /* Toast */,
			);
			productName = SeSSAC_DrinkWater;
			productReference = 07CCD0EF271189AB001CBDD2 /* SeSSAC_DrinkWater.app */;
			productType = "com.apple.product-type.application";
		};
/* End PBXNativeTarget section */

/* Begin PBXProject section */
		07CCD0E7271189AB001CBDD2 /* Project object */ = {
			isa = PBXProject;
			attributes = {
				BuildIndependentTargetsInParallel = 1;
				LastSwiftUpdateCheck = 1300;
				LastUpgradeCheck = 1300;
				TargetAttributes = {
					07CCD0EE271189AB001CBDD2 = {
						CreatedOnToolsVersion = 13.0;
					};
				};
			};
			buildConfigurationList = 07CCD0EA271189AB001CBDD2 /* Build configuration list for PBXProject "SeSSAC_DrinkWater" */;
			compatibilityVersion = "Xcode 13.0";
			developmentRegion = en;
			hasScannedForEncodings = 0;
			knownRegions = (
				en,
				Base,
			);
			mainGroup = 07CCD0E6271189AB001CBDD2;
			packageReferences = (
				07CCD10D271471AE001CBDD2 /* XCRemoteSwiftPackageReference "IQKeyboardManager" */,
				07FDA19727AD155B004982FD /* XCRemoteSwiftPackageReference "TextFieldEffects" */,
				07FDA19A27AF88ED004982FD /* XCRemoteSwiftPackageReference "Toast-Swift" */,
			);
			productRefGroup = 07CCD0F0271189AB001CBDD2 /* Products */;
			projectDirPath = "";
			projectRoot = "";
			targets = (
				07CCD0EE271189AB001CBDD2 /* SeSSAC_DrinkWater */,
			);
		};
/* End PBXProject section */

/* Begin PBXResourcesBuildPhase section */
		07CCD0ED271189AB001CBDD2 /* Resources */ = {
			isa = PBXResourcesBuildPhase;
			buildActionMask = 2147483647;
			files = (
				07CCD0FF271189AC001CBDD2 /* LaunchScreen.storyboard in Resources */,
				07CCD0FC271189AC001CBDD2 /* Assets.xcassets in Resources */,
				07CCD0FA271189AB001CBDD2 /* Main.storyboard in Resources */,
			);
			runOnlyForDeploymentPostprocessing = 0;
		};
/* End PBXResourcesBuildPhase section */

/* Begin PBXSourcesBuildPhase section */
		07CCD0EB271189AB001CBDD2 /* Sources */ = {
			isa = PBXSourcesBuildPhase;
			buildActionMask = 2147483647;
			files = (
				07CCD0F3271189AB001CBDD2 /* AppDelegate.swift in Sources */,
				07CCD10927118EEA001CBDD2 /* ProfileViewController.swift in Sources */,
				07CCD0F5271189AB001CBDD2 /* SceneDelegate.swift in Sources */,
				07CCD10727118EAF001CBDD2 /* DrinkWaterViewController.swift in Sources */,
			);
			runOnlyForDeploymentPostprocessing = 0;
		};
/* End PBXSourcesBuildPhase section */

/* Begin PBXVariantGroup section */
		07CCD0F8271189AB001CBDD2 /* Main.storyboard */ = {
			isa = PBXVariantGroup;
			children = (
				07CCD0F9271189AB001CBDD2 /* Base */,
			);
			name = Main.storyboard;
			sourceTree = "<group>";
		};
		07CCD0FD271189AC001CBDD2 /* LaunchScreen.storyboard */ = {
			isa = PBXVariantGroup;
			children = (
				07CCD0FE271189AC001CBDD2 /* Base */,
			);
			name = LaunchScreen.storyboard;
			sourceTree = "<group>";
		};
/* End PBXVariantGroup section */

/* Begin XCBuildConfiguration section */
		07CCD101271189AC001CBDD2 /* Debug */ = {
			isa = XCBuildConfiguration;
			buildSettings = {
				ALWAYS_SEARCH_USER_PATHS = NO;
				CLANG_ANALYZER_NONNULL = YES;
				CLANG_ANALYZER_NUMBER_OBJECT_CONVERSION = YES_AGGRESSIVE;
				CLANG_CXX_LANGUAGE_STANDARD = "gnu++17";
				CLANG_CXX_LIBRARY = "libc++";
				CLANG_ENABLE_MODULES = YES;
				CLANG_ENABLE_OBJC_ARC = YES;
				CLANG_ENABLE_OBJC_WEAK = YES;
				CLANG_WARN_BLOCK_CAPTURE_AUTORELEASING = YES;
				CLANG_WARN_BOOL_CONVERSION = YES;
				CLANG_WARN_COMMA = YES;
				CLANG_WARN_CONSTANT_CONVERSION = YES;
				CLANG_WARN_DEPRECATED_OBJC_IMPLEMENTATIONS = YES;
				CLANG_WARN_DIRECT_OBJC_ISA_USAGE = YES_ERROR;
				CLANG_WARN_DOCUMENTATION_COMMENTS = YES;
				CLANG_WARN_EMPTY_BODY = YES;
				CLANG_WARN_ENUM_CONVERSION = YES;
				CLANG_WARN_INFINITE_RECURSION = YES;
				CLANG_WARN_INT_CONVERSION = YES;
				CLANG_WARN_NON_LITERAL_NULL_CONVERSION = YES;
				CLANG_WARN_OBJC_IMPLICIT_RETAIN_SELF = YES;
				CLANG_WARN_OBJC_LITERAL_CONVERSION = YES;
				CLANG_WARN_OBJC_ROOT_CLASS = YES_ERROR;
				CLANG_WARN_QUOTED_INCLUDE_IN_FRAMEWORK_HEADER = YES;
				CLANG_WARN_RANGE_LOOP_ANALYSIS = YES;
				CLANG_WARN_STRICT_PROTOTYPES = YES;
				CLANG_WARN_SUSPICIOUS_MOVE = YES;
				CLANG_WARN_UNGUARDED_AVAILABILITY = YES_AGGRESSIVE;
				CLANG_WARN_UNREACHABLE_CODE = YES;
				CLANG_WARN__DUPLICATE_METHOD_MATCH = YES;
				COPY_PHASE_STRIP = NO;
				DEBUG_INFORMATION_FORMAT = dwarf;
				ENABLE_STRICT_OBJC_MSGSEND = YES;
				ENABLE_TESTABILITY = YES;
				GCC_C_LANGUAGE_STANDARD = gnu11;
				GCC_DYNAMIC_NO_PIC = NO;
				GCC_NO_COMMON_BLOCKS = YES;
				GCC_OPTIMIZATION_LEVEL = 0;
				GCC_PREPROCESSOR_DEFINITIONS = (
					"DEBUG=1",
					"$(inherited)",
				);
				GCC_WARN_64_TO_32_BIT_CONVERSION = YES;
				GCC_WARN_ABOUT_RETURN_TYPE = YES_ERROR;
				GCC_WARN_UNDECLARED_SELECTOR = YES;
				GCC_WARN_UNINITIALIZED_AUTOS = YES_AGGRESSIVE;
				GCC_WARN_UNUSED_FUNCTION = YES;
				GCC_WARN_UNUSED_VARIABLE = YES;
				IPHONEOS_DEPLOYMENT_TARGET = 15.0;
				MTL_ENABLE_DEBUG_INFO = INCLUDE_SOURCE;
				MTL_FAST_MATH = YES;
				ONLY_ACTIVE_ARCH = YES;
				SDKROOT = iphoneos;
				SWIFT_ACTIVE_COMPILATION_CONDITIONS = DEBUG;
				SWIFT_OPTIMIZATION_LEVEL = "-Onone";
			};
			name = Debug;
		};
		07CCD102271189AC001CBDD2 /* Release */ = {
			isa = XCBuildConfiguration;
			buildSettings = {
				ALWAYS_SEARCH_USER_PATHS = NO;
				CLANG_ANALYZER_NONNULL = YES;
				CLANG_ANALYZER_NUMBER_OBJECT_CONVERSION = YES_AGGRESSIVE;
				CLANG_CXX_LANGUAGE_STANDARD = "gnu++17";
				CLANG_CXX_LIBRARY = "libc++";
				CLANG_ENABLE_MODULES = YES;
				CLANG_ENABLE_OBJC_ARC = YES;
				CLANG_ENABLE_OBJC_WEAK = YES;
				CLANG_WARN_BLOCK_CAPTURE_AUTORELEASING = YES;
				CLANG_WARN_BOOL_CONVERSION = YES;
				CLANG_WARN_COMMA = YES;
				CLANG_WARN_CONSTANT_CONVERSION = YES;
				CLANG_WARN_DEPRECATED_OBJC_IMPLEMENTATIONS = YES;
				CLANG_WARN_DIRECT_OBJC_ISA_USAGE = YES_ERROR;
				CLANG_WARN_DOCUMENTATION_COMMENTS = YES;
				CLANG_WARN_EMPTY_BODY = YES;
				CLANG_WARN_ENUM_CONVERSION = YES;
				CLANG_WARN_INFINITE_RECURSION = YES;
				CLANG_WARN_INT_CONVERSION = YES;
				CLANG_WARN_NON_LITERAL_NULL_CONVERSION = YES;
				CLANG_WARN_OBJC_IMPLICIT_RETAIN_SELF = YES;
				CLANG_WARN_OBJC_LITERAL_CONVERSION = YES;
				CLANG_WARN_OBJC_ROOT_CLASS = YES_ERROR;
				CLANG_WARN_QUOTED_INCLUDE_IN_FRAMEWORK_HEADER = YES;
				CLANG_WARN_RANGE_LOOP_ANALYSIS = YES;
				CLANG_WARN_STRICT_PROTOTYPES = YES;
				CLANG_WARN_SUSPICIOUS_MOVE = YES;
				CLANG_WARN_UNGUARDED_AVAILABILITY = YES_AGGRESSIVE;
				CLANG_WARN_UNREACHABLE_CODE = YES;
				CLANG_WARN__DUPLICATE_METHOD_MATCH = YES;
				COPY_PHASE_STRIP = NO;
				DEBUG_INFORMATION_FORMAT = "dwarf-with-dsym";
				ENABLE_NS_ASSERTIONS = NO;
				ENABLE_STRICT_OBJC_MSGSEND = YES;
				GCC_C_LANGUAGE_STANDARD = gnu11;
				GCC_NO_COMMON_BLOCKS = YES;
				GCC_WARN_64_TO_32_BIT_CONVERSION = YES;
				GCC_WARN_ABOUT_RETURN_TYPE = YES_ERROR;
				GCC_WARN_UNDECLARED_SELECTOR = YES;
				GCC_WARN_UNINITIALIZED_AUTOS = YES_AGGRESSIVE;
				GCC_WARN_UNUSED_FUNCTION = YES;
				GCC_WARN_UNUSED_VARIABLE = YES;
				IPHONEOS_DEPLOYMENT_TARGET = 15.0;
				MTL_ENABLE_DEBUG_INFO = NO;
				MTL_FAST_MATH = YES;
				SDKROOT = iphoneos;
				SWIFT_COMPILATION_MODE = wholemodule;
				SWIFT_OPTIMIZATION_LEVEL = "-O";
				VALIDATE_PRODUCT = YES;
			};
			name = Release;
		};
		07CCD104271189AC001CBDD2 /* Debug */ = {
			isa = XCBuildConfiguration;
			buildSettings = {
				ASSETCATALOG_COMPILER_APPICON_NAME = AppIcon;
				ASSETCATALOG_COMPILER_GLOBAL_ACCENT_COLOR_NAME = AccentColor;
				CODE_SIGN_STYLE = Automatic;
				CURRENT_PROJECT_VERSION = 1;
				GENERATE_INFOPLIST_FILE = YES;
				INFOPLIST_FILE = SeSSAC_DrinkWater/Info.plist;
				INFOPLIST_KEY_CFBundleDisplayName = "물 마시기💧";
				INFOPLIST_KEY_UIApplicationSupportsIndirectInputEvents = YES;
				INFOPLIST_KEY_UILaunchStoryboardName = LaunchScreen;
				INFOPLIST_KEY_UIMainStoryboardFile = Main;
				INFOPLIST_KEY_UISupportedInterfaceOrientations = UIInterfaceOrientationPortrait;
				INFOPLIST_KEY_UISupportedInterfaceOrientations_iPad = "UIInterfaceOrientationPortrait UIInterfaceOrientationPortraitUpsideDown UIInterfaceOrientationLandscapeLeft UIInterfaceOrientationLandscapeRight";
				INFOPLIST_KEY_UISupportedInterfaceOrientations_iPhone = "UIInterfaceOrientationPortrait UIInterfaceOrientationLandscapeLeft UIInterfaceOrientationLandscapeRight";
				LD_RUNPATH_SEARCH_PATHS = (
					"$(inherited)",
					"@executable_path/Frameworks",
				);
				MARKETING_VERSION = 1.0;
				PRODUCT_BUNDLE_IDENTIFIER = "com.jade.SeSSAC-DrinkWater";
				PRODUCT_NAME = "$(TARGET_NAME)";
				SWIFT_EMIT_LOC_STRINGS = YES;
				SWIFT_VERSION = 5.0;
				TARGETED_DEVICE_FAMILY = 1;
			};
			name = Debug;
		};
		07CCD105271189AC001CBDD2 /* Release */ = {
			isa = XCBuildConfiguration;
			buildSettings = {
				ASSETCATALOG_COMPILER_APPICON_NAME = AppIcon;
				ASSETCATALOG_COMPILER_GLOBAL_ACCENT_COLOR_NAME = AccentColor;
				CODE_SIGN_STYLE = Automatic;
				CURRENT_PROJECT_VERSION = 1;
				GENERATE_INFOPLIST_FILE = YES;
				INFOPLIST_FILE = SeSSAC_DrinkWater/Info.plist;
				INFOPLIST_KEY_CFBundleDisplayName = "물 마시기💧";
				INFOPLIST_KEY_UIApplicationSupportsIndirectInputEvents = YES;
				INFOPLIST_KEY_UILaunchStoryboardName = LaunchScreen;
				INFOPLIST_KEY_UIMainStoryboardFile = Main;
				INFOPLIST_KEY_UISupportedInterfaceOrientations = UIInterfaceOrientationPortrait;
				INFOPLIST_KEY_UISupportedInterfaceOrientations_iPad = "UIInterfaceOrientationPortrait UIInterfaceOrientationPortraitUpsideDown UIInterfaceOrientationLandscapeLeft UIInterfaceOrientationLandscapeRight";
				INFOPLIST_KEY_UISupportedInterfaceOrientations_iPhone = "UIInterfaceOrientationPortrait UIInterfaceOrientationLandscapeLeft UIInterfaceOrientationLandscapeRight";
				LD_RUNPATH_SEARCH_PATHS = (
					"$(inherited)",
					"@executable_path/Frameworks",
				);
				MARKETING_VERSION = 1.0;
				PRODUCT_BUNDLE_IDENTIFIER = "com.jade.SeSSAC-DrinkWater";
				PRODUCT_NAME = "$(TARGET_NAME)";
				SWIFT_EMIT_LOC_STRINGS = YES;
				SWIFT_VERSION = 5.0;
				TARGETED_DEVICE_FAMILY = 1;
			};
			name = Release;
		};
/* End XCBuildConfiguration section */

/* Begin XCConfigurationList section */
		07CCD0EA271189AB001CBDD2 /* Build configuration list for PBXProject "SeSSAC_DrinkWater" */ = {
			isa = XCConfigurationList;
			buildConfigurations = (
				07CCD101271189AC001CBDD2 /* Debug */,
				07CCD102271189AC001CBDD2 /* Release */,
			);
			defaultConfigurationIsVisible = 0;
			defaultConfigurationName = Release;
		};
		07CCD103271189AC001CBDD2 /* Build configuration list for PBXNativeTarget "SeSSAC_DrinkWater" */ = {
			isa = XCConfigurationList;
			buildConfigurations = (
				07CCD104271189AC001CBDD2 /* Debug */,
				07CCD105271189AC001CBDD2 /* Release */,
			);
			defaultConfigurationIsVisible = 0;
			defaultConfigurationName = Release;
		};
/* End XCConfigurationList section */

/* Begin XCRemoteSwiftPackageReference section */
		07CCD10D271471AE001CBDD2 /* XCRemoteSwiftPackageReference "IQKeyboardManager" */ = {
			isa = XCRemoteSwiftPackageReference;
			repositoryURL = "https://github.com/hackiftekhar/IQKeyboardManager.git";
			requirement = {
				kind = upToNextMajorVersion;
				minimumVersion = 6.0.0;
			};
		};
		07FDA19727AD155B004982FD /* XCRemoteSwiftPackageReference "TextFieldEffects" */ = {
			isa = XCRemoteSwiftPackageReference;
			repositoryURL = "https://github.com/raulriera/TextFieldEffects";
			requirement = {
				kind = upToNextMinorVersion;
				minimumVersion = 1.7.0;
			};
		};
		07FDA19A27AF88ED004982FD /* XCRemoteSwiftPackageReference "Toast-Swift" */ = {
			isa = XCRemoteSwiftPackageReference;
			repositoryURL = "https://github.com/scalessec/Toast-Swift";
			requirement = {
				kind = upToNextMajorVersion;
				minimumVersion = 5.0.0;
			};
		};
/* End XCRemoteSwiftPackageReference section */

/* Begin XCSwiftPackageProductDependency section */
		07CCD10E271471AE001CBDD2 /* IQKeyboardManagerSwift */ = {
			isa = XCSwiftPackageProductDependency;
			package = 07CCD10D271471AE001CBDD2 /* XCRemoteSwiftPackageReference "IQKeyboardManager" */;
			productName = IQKeyboardManagerSwift;
		};
		07FDA19827AD155B004982FD /* TextFieldEffects */ = {
			isa = XCSwiftPackageProductDependency;
			package = 07FDA19727AD155B004982FD /* XCRemoteSwiftPackageReference "TextFieldEffects" */;
			productName = TextFieldEffects;
		};
		07FDA19B27AF88ED004982FD /* Toast */ = {
			isa = XCSwiftPackageProductDependency;
			package = 07FDA19A27AF88ED004982FD /* XCRemoteSwiftPackageReference "Toast-Swift" */;
			productName = Toast;
		};
/* End XCSwiftPackageProductDependency section */
	};
	rootObject = 07CCD0E7271189AB001CBDD2 /* Project object */;
}
